// !$*UTF8*$!
{
	archiveVersion = 1;
	classes = {
	};
	objectVersion = 56;
	objects = {

/* Begin PBXBuildFile section */
		3853D36C2A143B160069C5D6 /* HomeViewModel.swift in Sources */ = {isa = PBXBuildFile; fileRef = 3853D36B2A143B160069C5D6 /* HomeViewModel.swift */; };
		3853D3712A143BAD0069C5D6 /* CustomTableViewCell.swift in Sources */ = {isa = PBXBuildFile; fileRef = 3853D3702A143BAD0069C5D6 /* CustomTableViewCell.swift */; };
		3853D3732A143BCF0069C5D6 /* CustomCustomTableViewCellScreen.swift in Sources */ = {isa = PBXBuildFile; fileRef = 3853D3722A143BCF0069C5D6 /* CustomCustomTableViewCellScreen.swift */; };
		38A112312A106A8A005816D0 /* AppDelegate.swift in Sources */ = {isa = PBXBuildFile; fileRef = 38A112302A106A8A005816D0 /* AppDelegate.swift */; };
		38A112332A106A8A005816D0 /* SceneDelegate.swift in Sources */ = {isa = PBXBuildFile; fileRef = 38A112322A106A8A005816D0 /* SceneDelegate.swift */; };
		38A112352A106A8A005816D0 /* HomeVC.swift in Sources */ = {isa = PBXBuildFile; fileRef = 38A112342A106A8A005816D0 /* HomeVC.swift */; };
		38A1123A2A106A8B005816D0 /* Assets.xcassets in Resources */ = {isa = PBXBuildFile; fileRef = 38A112392A106A8B005816D0 /* Assets.xcassets */; };
		38A1123D2A106A8B005816D0 /* LaunchScreen.storyboard in Resources */ = {isa = PBXBuildFile; fileRef = 38A1123B2A106A8B005816D0 /* LaunchScreen.storyboard */; };
		38A112492A106B2F005816D0 /* HomeScreen.swift in Sources */ = {isa = PBXBuildFile; fileRef = 38A112482A106B2F005816D0 /* HomeScreen.swift */; };
/* End PBXBuildFile section */

/* Begin PBXFileReference section */
		3853D36B2A143B160069C5D6 /* HomeViewModel.swift */ = {isa = PBXFileReference; lastKnownFileType = sourcecode.swift; path = HomeViewModel.swift; sourceTree = "<group>"; };
		3853D3702A143BAD0069C5D6 /* CustomTableViewCell.swift */ = {isa = PBXFileReference; lastKnownFileType = sourcecode.swift; path = CustomTableViewCell.swift; sourceTree = "<group>"; };
		3853D3722A143BCF0069C5D6 /* CustomCustomTableViewCellScreen.swift */ = {isa = PBXFileReference; lastKnownFileType = sourcecode.swift; path = CustomCustomTableViewCellScreen.swift; sourceTree = "<group>"; };
		38A1122D2A106A8A005816D0 /* collectionView-01.app */ = {isa = PBXFileReference; explicitFileType = wrapper.application; includeInIndex = 0; path = "collectionView-01.app"; sourceTree = BUILT_PRODUCTS_DIR; };
		38A112302A106A8A005816D0 /* AppDelegate.swift */ = {isa = PBXFileReference; lastKnownFileType = sourcecode.swift; path = AppDelegate.swift; sourceTree = "<group>"; };
		38A112322A106A8A005816D0 /* SceneDelegate.swift */ = {isa = PBXFileReference; lastKnownFileType = sourcecode.swift; path = SceneDelegate.swift; sourceTree = "<group>"; };
		38A112342A106A8A005816D0 /* HomeVC.swift */ = {isa = PBXFileReference; lastKnownFileType = sourcecode.swift; path = HomeVC.swift; sourceTree = "<group>"; };
		38A112392A106A8B005816D0 /* Assets.xcassets */ = {isa = PBXFileReference; lastKnownFileType = folder.assetcatalog; path = Assets.xcassets; sourceTree = "<group>"; };
		38A1123C2A106A8B005816D0 /* Base */ = {isa = PBXFileReference; lastKnownFileType = file.storyboard; name = Base; path = Base.lproj/LaunchScreen.storyboard; sourceTree = "<group>"; };
		38A1123E2A106A8B005816D0 /* Info.plist */ = {isa = PBXFileReference; lastKnownFileType = text.plist.xml; path = Info.plist; sourceTree = "<group>"; };
		38A112482A106B2F005816D0 /* HomeScreen.swift */ = {isa = PBXFileReference; lastKnownFileType = sourcecode.swift; path = HomeScreen.swift; sourceTree = "<group>"; };
/* End PBXFileReference section */

/* Begin PBXFrameworksBuildPhase section */
		38A1122A2A106A8A005816D0 /* Frameworks */ = {
			isa = PBXFrameworksBuildPhase;
			buildActionMask = 2147483647;
			files = (
			);
			runOnlyForDeploymentPostprocessing = 0;
		};
/* End PBXFrameworksBuildPhase section */

/* Begin PBXGroup section */
		3853D36A2A143AE50069C5D6 /* HomeViewModel */ = {
			isa = PBXGroup;
			children = (
				3853D36B2A143B160069C5D6 /* HomeViewModel.swift */,
			);
			path = HomeViewModel;
			sourceTree = "<group>";
		};
		3853D36D2A143B730069C5D6 /* Cells */ = {
			isa = PBXGroup;
			children = (
				3853D36E2A143B7B0069C5D6 /* CustomTableViewCell */,
			);
			path = Cells;
			sourceTree = "<group>";
		};
		3853D36E2A143B7B0069C5D6 /* CustomTableViewCell */ = {
			isa = PBXGroup;
			children = (
				3853D36F2A143B8D0069C5D6 /* Screen */,
				3853D3702A143BAD0069C5D6 /* CustomTableViewCell.swift */,
			);
			path = CustomTableViewCell;
			sourceTree = "<group>";
		};
		3853D36F2A143B8D0069C5D6 /* Screen */ = {
			isa = PBXGroup;
			children = (
				3853D3722A143BCF0069C5D6 /* CustomCustomTableViewCellScreen.swift */,
			);
			path = Screen;
			sourceTree = "<group>";
		};
		38A112242A106A8A005816D0 = {
			isa = PBXGroup;
			children = (
				38A1122F2A106A8A005816D0 /* collectionView-01 */,
				38A1122E2A106A8A005816D0 /* Products */,
			);
			sourceTree = "<group>";
		};
		38A1122E2A106A8A005816D0 /* Products */ = {
			isa = PBXGroup;
			children = (
				38A1122D2A106A8A005816D0 /* collectionView-01.app */,
			);
			name = Products;
			sourceTree = "<group>";
		};
		38A1122F2A106A8A005816D0 /* collectionView-01 */ = {
			isa = PBXGroup;
			children = (
				38A112302A106A8A005816D0 /* AppDelegate.swift */,
				38A112322A106A8A005816D0 /* SceneDelegate.swift */,
				38A112442A106ACE005816D0 /* src */,
				38A112392A106A8B005816D0 /* Assets.xcassets */,
				38A1123B2A106A8B005816D0 /* LaunchScreen.storyboard */,
				38A1123E2A106A8B005816D0 /* Info.plist */,
			);
			path = "collectionView-01";
			sourceTree = "<group>";
		};
		38A112442A106ACE005816D0 /* src */ = {
			isa = PBXGroup;
			children = (
				3853D36D2A143B730069C5D6 /* Cells */,
				38A112452A106ADD005816D0 /* Home */,
			);
			path = src;
			sourceTree = "<group>";
		};
		38A112452A106ADD005816D0 /* Home */ = {
			isa = PBXGroup;
			children = (
				3853D36A2A143AE50069C5D6 /* HomeViewModel */,
				38A112472A106AF1005816D0 /* HomeScreen */,
				38A112462A106AE8005816D0 /* HomeVC */,
			);
			path = Home;
			sourceTree = "<group>";
		};
		38A112462A106AE8005816D0 /* HomeVC */ = {
			isa = PBXGroup;
			children = (
				38A112342A106A8A005816D0 /* HomeVC.swift */,
			);
			path = HomeVC;
			sourceTree = "<group>";
		};
		38A112472A106AF1005816D0 /* HomeScreen */ = {
			isa = PBXGroup;
			children = (
				38A112482A106B2F005816D0 /* HomeScreen.swift */,
			);
			path = HomeScreen;
			sourceTree = "<group>";
		};
/* End PBXGroup section */

/* Begin PBXNativeTarget section */
		38A1122C2A106A8A005816D0 /* collectionView-01 */ = {
			isa = PBXNativeTarget;
			buildConfigurationList = 38A112412A106A8B005816D0 /* Build configuration list for PBXNativeTarget "collectionView-01" */;
			buildPhases = (
				38A112292A106A8A005816D0 /* Sources */,
				38A1122A2A106A8A005816D0 /* Frameworks */,
				38A1122B2A106A8A005816D0 /* Resources */,
			);
			buildRules = (
			);
			dependencies = (
			);
			name = "collectionView-01";
			productName = "collectionView-01";
			productReference = 38A1122D2A106A8A005816D0 /* collectionView-01.app */;
			productType = "com.apple.product-type.application";
		};
/* End PBXNativeTarget section */

/* Begin PBXProject section */
		38A112252A106A8A005816D0 /* Project object */ = {
			isa = PBXProject;
			attributes = {
				BuildIndependentTargetsInParallel = 1;
				LastSwiftUpdateCheck = 1430;
				LastUpgradeCheck = 1430;
				TargetAttributes = {
					38A1122C2A106A8A005816D0 = {
						CreatedOnToolsVersion = 14.3;
					};
				};
			};
			buildConfigurationList = 38A112282A106A8A005816D0 /* Build configuration list for PBXProject "collectionView-01" */;
			compatibilityVersion = "Xcode 14.0";
			developmentRegion = en;
			hasScannedForEncodings = 0;
			knownRegions = (
				en,
				Base,
			);
			mainGroup = 38A112242A106A8A005816D0;
			productRefGroup = 38A1122E2A106A8A005816D0 /* Products */;
			projectDirPath = "";
			projectRoot = "";
			targets = (
				38A1122C2A106A8A005816D0 /* collectionView-01 */,
			);
		};
/* End PBXProject section */

/* Begin PBXResourcesBuildPhase section */
		38A1122B2A106A8A005816D0 /* Resources */ = {
			isa = PBXResourcesBuildPhase;
			buildActionMask = 2147483647;
			files = (
				38A1123D2A106A8B005816D0 /* LaunchScreen.storyboard in Resources */,
				38A1123A2A106A8B005816D0 /* Assets.xcassets in Resources */,
			);
			runOnlyForDeploymentPostprocessing = 0;
		};
/* End PBXResourcesBuildPhase section */

/* Begin PBXSourcesBuildPhase section */
		38A112292A106A8A005816D0 /* Sources */ = {
			isa = PBXSourcesBuildPhase;
			buildActionMask = 2147483647;
			files = (
				3853D3712A143BAD0069C5D6 /* CustomTableViewCell.swift in Sources */,
				38A112492A106B2F005816D0 /* HomeScreen.swift in Sources */,
				38A112352A106A8A005816D0 /* HomeVC.swift in Sources */,
				38A112312A106A8A005816D0 /* AppDelegate.swift in Sources */,
				3853D3732A143BCF0069C5D6 /* CustomCustomTableViewCellScreen.swift in Sources */,
				3853D36C2A143B160069C5D6 /* HomeViewModel.swift in Sources */,
				38A112332A106A8A005816D0 /* SceneDelegate.swift in Sources */,
			);
			runOnlyForDeploymentPostprocessing = 0;
		};
/* End PBXSourcesBuildPhase section */

/* Begin PBXVariantGroup section */
		38A1123B2A106A8B005816D0 /* LaunchScreen.storyboard */ = {
			isa = PBXVariantGroup;
			children = (
				38A1123C2A106A8B005816D0 /* Base */,
			);
			name = LaunchScreen.storyboard;
			sourceTree = "<group>";
		};
/* End PBXVariantGroup section */

/* Begin XCBuildConfiguration section */
		38A1123F2A106A8B005816D0 /* Debug */ = {
			isa = XCBuildConfiguration;
			buildSettings = {
				ALWAYS_SEARCH_USER_PATHS = NO;
				CLANG_ANALYZER_NONNULL = YES;
				CLANG_ANALYZER_NUMBER_OBJECT_CONVERSION = YES_AGGRESSIVE;
				CLANG_CXX_LANGUAGE_STANDARD = "gnu++20";
				CLANG_ENABLE_MODULES = YES;
				CLANG_ENABLE_OBJC_ARC = YES;
				CLANG_ENABLE_OBJC_WEAK = YES;
				CLANG_WARN_BLOCK_CAPTURE_AUTORELEASING = YES;
				CLANG_WARN_BOOL_CONVERSION = YES;
				CLANG_WARN_COMMA = YES;
				CLANG_WARN_CONSTANT_CONVERSION = YES;
				CLANG_WARN_DEPRECATED_OBJC_IMPLEMENTATIONS = YES;
				CLANG_WARN_DIRECT_OBJC_ISA_USAGE = YES_ERROR;
				CLANG_WARN_DOCUMENTATION_COMMENTS = YES;
				CLANG_WARN_EMPTY_BODY = YES;
				CLANG_WARN_ENUM_CONVERSION = YES;
				CLANG_WARN_INFINITE_RECURSION = YES;
				CLANG_WARN_INT_CONVERSION = YES;
				CLANG_WARN_NON_LITERAL_NULL_CONVERSION = YES;
				CLANG_WARN_OBJC_IMPLICIT_RETAIN_SELF = YES;
				CLANG_WARN_OBJC_LITERAL_CONVERSION = YES;
				CLANG_WARN_OBJC_ROOT_CLASS = YES_ERROR;
				CLANG_WARN_QUOTED_INCLUDE_IN_FRAMEWORK_HEADER = YES;
				CLANG_WARN_RANGE_LOOP_ANALYSIS = YES;
				CLANG_WARN_STRICT_PROTOTYPES = YES;
				CLANG_WARN_SUSPICIOUS_MOVE = YES;
				CLANG_WARN_UNGUARDED_AVAILABILITY = YES_AGGRESSIVE;
				CLANG_WARN_UNREACHABLE_CODE = YES;
				CLANG_WARN__DUPLICATE_METHOD_MATCH = YES;
				COPY_PHASE_STRIP = NO;
				DEBUG_INFORMATION_FORMAT = dwarf;
				ENABLE_STRICT_OBJC_MSGSEND = YES;
				ENABLE_TESTABILITY = YES;
				GCC_C_LANGUAGE_STANDARD = gnu11;
				GCC_DYNAMIC_NO_PIC = NO;
				GCC_NO_COMMON_BLOCKS = YES;
				GCC_OPTIMIZATION_LEVEL = 0;
				GCC_PREPROCESSOR_DEFINITIONS = (
					"DEBUG=1",
					"$(inherited)",
				);
				GCC_WARN_64_TO_32_BIT_CONVERSION = YES;
				GCC_WARN_ABOUT_RETURN_TYPE = YES_ERROR;
				GCC_WARN_UNDECLARED_SELECTOR = YES;
				GCC_WARN_UNINITIALIZED_AUTOS = YES_AGGRESSIVE;
				GCC_WARN_UNUSED_FUNCTION = YES;
				GCC_WARN_UNUSED_VARIABLE = YES;
				IPHONEOS_DEPLOYMENT_TARGET = 16.4;
				MTL_ENABLE_DEBUG_INFO = INCLUDE_SOURCE;
				MTL_FAST_MATH = YES;
				ONLY_ACTIVE_ARCH = YES;
				SDKROOT = iphoneos;
				SWIFT_ACTIVE_COMPILATION_CONDITIONS = DEBUG;
				SWIFT_OPTIMIZATION_LEVEL = "-Onone";
			};
			name = Debug;
		};
		38A112402A106A8B005816D0 /* Release */ = {
			isa = XCBuildConfiguration;
			buildSettings = {
				ALWAYS_SEARCH_USER_PATHS = NO;
				CLANG_ANALYZER_NONNULL = YES;
				CLANG_ANALYZER_NUMBER_OBJECT_CONVERSION = YES_AGGRESSIVE;
				CLANG_CXX_LANGUAGE_STANDARD = "gnu++20";
				CLANG_ENABLE_MODULES = YES;
				CLANG_ENABLE_OBJC_ARC = YES;
				CLANG_ENABLE_OBJC_WEAK = YES;
				CLANG_WARN_BLOCK_CAPTURE_AUTORELEASING = YES;
				CLANG_WARN_BOOL_CONVERSION = YES;
				CLANG_WARN_COMMA = YES;
				CLANG_WARN_CONSTANT_CONVERSION = YES;
				CLANG_WARN_DEPRECATED_OBJC_IMPLEMENTATIONS = YES;
				CLANG_WARN_DIRECT_OBJC_ISA_USAGE = YES_ERROR;
				CLANG_WARN_DOCUMENTATION_COMMENTS = YES;
				CLANG_WARN_EMPTY_BODY = YES;
				CLANG_WARN_ENUM_CONVERSION = YES;
				CLANG_WARN_INFINITE_RECURSION = YES;
				CLANG_WARN_INT_CONVERSION = YES;
				CLANG_WARN_NON_LITERAL_NULL_CONVERSION = YES;
				CLANG_WARN_OBJC_IMPLICIT_RETAIN_SELF = YES;
				CLANG_WARN_OBJC_LITERAL_CONVERSION = YES;
				CLANG_WARN_OBJC_ROOT_CLASS = YES_ERROR;
				CLANG_WARN_QUOTED_INCLUDE_IN_FRAMEWORK_HEADER = YES;
				CLANG_WARN_RANGE_LOOP_ANALYSIS = YES;
				CLANG_WARN_STRICT_PROTOTYPES = YES;
				CLANG_WARN_SUSPICIOUS_MOVE = YES;
				CLANG_WARN_UNGUARDED_AVAILABILITY = YES_AGGRESSIVE;
				CLANG_WARN_UNREACHABLE_CODE = YES;
				CLANG_WARN__DUPLICATE_METHOD_MATCH = YES;
				COPY_PHASE_STRIP = NO;
				DEBUG_INFORMATION_FORMAT = "dwarf-with-dsym";
				ENABLE_NS_ASSERTIONS = NO;
				ENABLE_STRICT_OBJC_MSGSEND = YES;
				GCC_C_LANGUAGE_STANDARD = gnu11;
				GCC_NO_COMMON_BLOCKS = YES;
				GCC_WARN_64_TO_32_BIT_CONVERSION = YES;
				GCC_WARN_ABOUT_RETURN_TYPE = YES_ERROR;
				GCC_WARN_UNDECLARED_SELECTOR = YES;
				GCC_WARN_UNINITIALIZED_AUTOS = YES_AGGRESSIVE;
				GCC_WARN_UNUSED_FUNCTION = YES;
				GCC_WARN_UNUSED_VARIABLE = YES;
				IPHONEOS_DEPLOYMENT_TARGET = 16.4;
				MTL_ENABLE_DEBUG_INFO = NO;
				MTL_FAST_MATH = YES;
				SDKROOT = iphoneos;
				SWIFT_COMPILATION_MODE = wholemodule;
				SWIFT_OPTIMIZATION_LEVEL = "-O";
				VALIDATE_PRODUCT = YES;
			};
			name = Release;
		};
		38A112422A106A8B005816D0 /* Debug */ = {
			isa = XCBuildConfiguration;
			buildSettings = {
				ASSETCATALOG_COMPILER_APPICON_NAME = AppIcon;
				ASSETCATALOG_COMPILER_GLOBAL_ACCENT_COLOR_NAME = AccentColor;
				CODE_SIGN_STYLE = Automatic;
				CURRENT_PROJECT_VERSION = 1;
				DEVELOPMENT_TEAM = B4R97N34U3;
				GENERATE_INFOPLIST_FILE = YES;
				INFOPLIST_FILE = "collectionView-01/Info.plist";
				INFOPLIST_KEY_UIApplicationSupportsIndirectInputEvents = YES;
				INFOPLIST_KEY_UILaunchStoryboardName = LaunchScreen;
				INFOPLIST_KEY_UIMainStoryboardFile = "";
				INFOPLIST_KEY_UISupportedInterfaceOrientations_iPad = "UIInterfaceOrientationPortrait UIInterfaceOrientationPortraitUpsideDown UIInterfaceOrientationLandscapeLeft UIInterfaceOrientationLandscapeRight";
				INFOPLIST_KEY_UISupportedInterfaceOrientations_iPhone = "UIInterfaceOrientationPortrait UIInterfaceOrientationLandscapeLeft UIInterfaceOrientationLandscapeRight";
				LD_RUNPATH_SEARCH_PATHS = (
					"$(inherited)",
					"@executable_path/Frameworks",
				);
				MARKETING_VERSION = 1.0;
				PRODUCT_BUNDLE_IDENTIFIER = "com.a1.collectionView-01";
				PRODUCT_NAME = "$(TARGET_NAME)";
				SWIFT_EMIT_LOC_STRINGS = YES;
				SWIFT_VERSION = 5.0;
				TARGETED_DEVICE_FAMILY = "1,2";
			};
			name = Debug;
		};
		38A112432A106A8B005816D0 /* Release */ = {
			isa = XCBuildConfiguration;
			buildSettings = {
				ASSETCATALOG_COMPILER_APPICON_NAME = AppIcon;
				ASSETCATALOG_COMPILER_GLOBAL_ACCENT_COLOR_NAME = AccentColor;
				CODE_SIGN_STYLE = Automatic;
				CURRENT_PROJECT_VERSION = 1;
				DEVELOPMENT_TEAM = B4R97N34U3;
				GENERATE_INFOPLIST_FILE = YES;
				INFOPLIST_FILE = "collectionView-01/Info.plist";
				INFOPLIST_KEY_UIApplicationSupportsIndirectInputEvents = YES;
				INFOPLIST_KEY_UILaunchStoryboardName = LaunchScreen;
				INFOPLIST_KEY_UIMainStoryboardFile = "";
				INFOPLIST_KEY_UISupportedInterfaceOrientations_iPad = "UIInterfaceOrientationPortrait UIInterfaceOrientationPortraitUpsideDown UIInterfaceOrientationLandscapeLeft UIInterfaceOrientationLandscapeRight";
				INFOPLIST_KEY_UISupportedInterfaceOrientations_iPhone = "UIInterfaceOrientationPortrait UIInterfaceOrientationLandscapeLeft UIInterfaceOrientationLandscapeRight";
				LD_RUNPATH_SEARCH_PATHS = (
					"$(inherited)",
					"@executable_path/Frameworks",
				);
				MARKETING_VERSION = 1.0;
				PRODUCT_BUNDLE_IDENTIFIER = "com.a1.collectionView-01";
				PRODUCT_NAME = "$(TARGET_NAME)";
				SWIFT_EMIT_LOC_STRINGS = YES;
				SWIFT_VERSION = 5.0;
				TARGETED_DEVICE_FAMILY = "1,2";
			};
			name = Release;
		};
/* End XCBuildConfiguration section */

/* Begin XCConfigurationList section */
		38A112282A106A8A005816D0 /* Build configuration list for PBXProject "collectionView-01" */ = {
			isa = XCConfigurationList;
			buildConfigurations = (
				38A1123F2A106A8B005816D0 /* Debug */,
				38A112402A106A8B005816D0 /* Release */,
			);
			defaultConfigurationIsVisible = 0;
			defaultConfigurationName = Release;
		};
		38A112412A106A8B005816D0 /* Build configuration list for PBXNativeTarget "collectionView-01" */ = {
			isa = XCConfigurationList;
			buildConfigurations = (
				38A112422A106A8B005816D0 /* Debug */,
				38A112432A106A8B005816D0 /* Release */,
			);
			defaultConfigurationIsVisible = 0;
			defaultConfigurationName = Release;
		};
/* End XCConfigurationList section */
	};
	rootObject = 38A112252A106A8A005816D0 /* Project object */;
}
